// !$*UTF8*$!
{
	archiveVersion = 1;
	classes = {
	};
	objectVersion = 56;
	objects = {

/* Begin PBXBuildFile section */
		7BC363B32977DE7800AECA78 /* AppDelegate.swift in Sources */ = {isa = PBXBuildFile; fileRef = 7BC363B22977DE7800AECA78 /* AppDelegate.swift */; };
		7BC363B52977DE7800AECA78 /* SceneDelegate.swift in Sources */ = {isa = PBXBuildFile; fileRef = 7BC363B42977DE7800AECA78 /* SceneDelegate.swift */; };
		7BC363B72977DE7800AECA78 /* ViewController.swift in Sources */ = {isa = PBXBuildFile; fileRef = 7BC363B62977DE7800AECA78 /* ViewController.swift */; };
		7BC363BA2977DE7800AECA78 /* Main.storyboard in Resources */ = {isa = PBXBuildFile; fileRef = 7BC363B82977DE7800AECA78 /* Main.storyboard */; };
		7BC363BC2977DE7900AECA78 /* Assets.xcassets in Resources */ = {isa = PBXBuildFile; fileRef = 7BC363BB2977DE7900AECA78 /* Assets.xcassets */; };
		7BC363BF2977DE7900AECA78 /* LaunchScreen.storyboard in Resources */ = {isa = PBXBuildFile; fileRef = 7BC363BD2977DE7900AECA78 /* LaunchScreen.storyboard */; };
/* End PBXBuildFile section */

/* Begin PBXFileReference section */
		7BC3426B297A10CF001DB1B8 /* 11279.playground */ = {isa = PBXFileReference; lastKnownFileType = file.playground; path = 11279.playground; sourceTree = "<group>"; xcLanguageSpecificationIdentifier = xcode.lang.swift; };
		7BC3426F297A221F001DB1B8 /* Stack.playground */ = {isa = PBXFileReference; lastKnownFileType = file.playground; path = Stack.playground; sourceTree = "<group>"; xcLanguageSpecificationIdentifier = xcode.lang.swift; };
		7BC34271297A2415001DB1B8 /* Queue.playground */ = {isa = PBXFileReference; lastKnownFileType = file.playground; path = Queue.playground; sourceTree = "<group>"; xcLanguageSpecificationIdentifier = xcode.lang.swift; };
		7BC34272297A2C75001DB1B8 /* internet_Queue.playground */ = {isa = PBXFileReference; lastKnownFileType = file.playground; path = internet_Queue.playground; sourceTree = "<group>"; xcLanguageSpecificationIdentifier = xcode.lang.swift; };
		7BC363AF2977DE7800AECA78 /* practice_back.app */ = {isa = PBXFileReference; explicitFileType = wrapper.application; includeInIndex = 0; path = practice_back.app; sourceTree = BUILT_PRODUCTS_DIR; };
		7BC363B22977DE7800AECA78 /* AppDelegate.swift */ = {isa = PBXFileReference; lastKnownFileType = sourcecode.swift; path = AppDelegate.swift; sourceTree = "<group>"; };
		7BC363B42977DE7800AECA78 /* SceneDelegate.swift */ = {isa = PBXFileReference; lastKnownFileType = sourcecode.swift; path = SceneDelegate.swift; sourceTree = "<group>"; };
		7BC363B62977DE7800AECA78 /* ViewController.swift */ = {isa = PBXFileReference; lastKnownFileType = sourcecode.swift; path = ViewController.swift; sourceTree = "<group>"; };
		7BC363B92977DE7800AECA78 /* Base */ = {isa = PBXFileReference; lastKnownFileType = file.storyboard; name = Base; path = Base.lproj/Main.storyboard; sourceTree = "<group>"; };
		7BC363BB2977DE7900AECA78 /* Assets.xcassets */ = {isa = PBXFileReference; lastKnownFileType = folder.assetcatalog; path = Assets.xcassets; sourceTree = "<group>"; };
		7BC363BE2977DE7900AECA78 /* Base */ = {isa = PBXFileReference; lastKnownFileType = file.storyboard; name = Base; path = Base.lproj/LaunchScreen.storyboard; sourceTree = "<group>"; };
		7BC363C02977DE7900AECA78 /* Info.plist */ = {isa = PBXFileReference; lastKnownFileType = text.plist.xml; path = Info.plist; sourceTree = "<group>"; };
		7BC363C72977DE9800AECA78 /* 1946.playground */ = {isa = PBXFileReference; lastKnownFileType = file.playground; path = 1946.playground; sourceTree = "<group>"; xcLanguageSpecificationIdentifier = xcode.lang.swift; };
		7BF3CC2F2978BE55003F0F7A /* 1715.playground */ = {isa = PBXFileReference; lastKnownFileType = file.playground; path = 1715.playground; sourceTree = "<group>"; xcLanguageSpecificationIdentifier = xcode.lang.swift; };
		7BF3CC312978D64F003F0F7A /* MinHeap.playground */ = {isa = PBXFileReference; lastKnownFileType = file.playground; path = MinHeap.playground; sourceTree = "<group>"; xcLanguageSpecificationIdentifier = xcode.lang.swift; };
		7BF3CC322978FBF6003F0F7A /* MaxHeap.playground */ = {isa = PBXFileReference; lastKnownFileType = file.playground; path = MaxHeap.playground; sourceTree = "<group>"; xcLanguageSpecificationIdentifier = xcode.lang.swift; };
		7BF3CC3429791499003F0F7A /* Day2.playground */ = {isa = PBXFileReference; lastKnownFileType = file.playground; path = Day2.playground; sourceTree = "<group>"; xcLanguageSpecificationIdentifier = xcode.lang.swift; };
		7BF3CC352979197F003F0F7A /* Day1.playground */ = {isa = PBXFileReference; lastKnownFileType = file.playground; path = Day1.playground; sourceTree = "<group>"; xcLanguageSpecificationIdentifier = xcode.lang.swift; };
		7BF3CC3829792B6C003F0F7A /* Day2_1.playground */ = {isa = PBXFileReference; lastKnownFileType = file.playground; path = Day2_1.playground; sourceTree = "<group>"; xcLanguageSpecificationIdentifier = xcode.lang.swift; };
		7BF3CC3929792C06003F0F7A /* Day2-2.playground */ = {isa = PBXFileReference; lastKnownFileType = file.playground; path = "Day2-2.playground"; sourceTree = "<group>"; xcLanguageSpecificationIdentifier = xcode.lang.swift; };
		7BF3CC3A29793186003F0F7A /* 1927.playground */ = {isa = PBXFileReference; lastKnownFileType = file.playground; path = 1927.playground; sourceTree = "<group>"; xcLanguageSpecificationIdentifier = xcode.lang.swift; };
/* End PBXFileReference section */

/* Begin PBXFrameworksBuildPhase section */
		7BC363AC2977DE7800AECA78 /* Frameworks */ = {
			isa = PBXFrameworksBuildPhase;
			buildActionMask = 2147483647;
			files = (
			);
			runOnlyForDeploymentPostprocessing = 0;
		};
/* End PBXFrameworksBuildPhase section */

/* Begin PBXGroup section */
		7BC3426A297A0F17001DB1B8 /* Priority queue */ = {
			isa = PBXGroup;
			children = (
				7BF3CC3A29793186003F0F7A /* 1927.playground */,
				7BC3426B297A10CF001DB1B8 /* 11279.playground */,
			);
			path = "Priority queue";
			sourceTree = "<group>";
		};
		7BC3426C297A1EEF001DB1B8 /* Greedy */ = {
			isa = PBXGroup;
			children = (
				7BF3CC2F2978BE55003F0F7A /* 1715.playground */,
				7BC363C72977DE9800AECA78 /* 1946.playground */,
			);
			path = Greedy;
			sourceTree = "<group>";
		};
		7BC3426D297A1F42001DB1B8 /* Priority queue */ = {
			isa = PBXGroup;
			children = (
				7BF3CC312978D64F003F0F7A /* MinHeap.playground */,
				7BF3CC322978FBF6003F0F7A /* MaxHeap.playground */,
			);
			path = "Priority queue";
			sourceTree = "<group>";
		};
		7BC3426E297A2211001DB1B8 /* Stack */ = {
			isa = PBXGroup;
			children = (
				7BC3426F297A221F001DB1B8 /* Stack.playground */,
			);
			path = Stack;
			sourceTree = "<group>";
		};
		7BC34270297A2403001DB1B8 /* Queue */ = {
			isa = PBXGroup;
			children = (
				7BC34271297A2415001DB1B8 /* Queue.playground */,
				7BC34272297A2C75001DB1B8 /* internet_Queue.playground */,
			);
			path = Queue;
			sourceTree = "<group>";
		};
		7BC363A62977DE7800AECA78 = {
			isa = PBXGroup;
			children = (
				7BC363C02977DE7900AECA78 /* Info.plist */,
				7BF3CC3329791476003F0F7A /* codu */,
				7BF3CC302978D622003F0F7A /* DataStructure */,
				7BC363C62977DE8000AECA78 /* BaekJoon_ algorithm */,
				7BC363B12977DE7800AECA78 /* trash */,
				7BC363B02977DE7800AECA78 /* Products */,
			);
			sourceTree = "<group>";
		};
		7BC363B02977DE7800AECA78 /* Products */ = {
			isa = PBXGroup;
			children = (
				7BC363AF2977DE7800AECA78 /* practice_back.app */,
			);
			name = Products;
			sourceTree = "<group>";
		};
		7BC363B12977DE7800AECA78 /* trash */ = {
			isa = PBXGroup;
			children = (
				7BC363B22977DE7800AECA78 /* AppDelegate.swift */,
				7BC363B42977DE7800AECA78 /* SceneDelegate.swift */,
				7BC363B62977DE7800AECA78 /* ViewController.swift */,
				7BC363B82977DE7800AECA78 /* Main.storyboard */,
				7BC363BB2977DE7900AECA78 /* Assets.xcassets */,
				7BC363BD2977DE7900AECA78 /* LaunchScreen.storyboard */,
			);
			path = trash;
			sourceTree = "<group>";
		};
		7BC363C62977DE8000AECA78 /* BaekJoon_ algorithm */ = {
			isa = PBXGroup;
			children = (
				7BC3426C297A1EEF001DB1B8 /* Greedy */,
				7BC3426A297A0F17001DB1B8 /* Priority queue */,
			);
			path = "BaekJoon_ algorithm";
			sourceTree = "<group>";
		};
		7BF3CC302978D622003F0F7A /* DataStructure */ = {
			isa = PBXGroup;
			children = (
				7BC3426E297A2211001DB1B8 /* Stack */,
				7BC34270297A2403001DB1B8 /* Queue */,
				7BC3426D297A1F42001DB1B8 /* Priority queue */,
			);
			path = DataStructure;
			sourceTree = "<group>";
		};
		7BF3CC3329791476003F0F7A /* codu */ = {
			isa = PBXGroup;
			children = (
				7BF3CC352979197F003F0F7A /* Day1.playground */,
				7BF3CC3429791499003F0F7A /* Day2.playground */,
				7BF3CC3829792B6C003F0F7A /* Day2_1.playground */,
				7BF3CC3929792C06003F0F7A /* Day2-2.playground */,
			);
			path = codu;
			sourceTree = "<group>";
		};
/* End PBXGroup section */

/* Begin PBXNativeTarget section */
		7BC363AE2977DE7800AECA78 /* practice_back */ = {
			isa = PBXNativeTarget;
			buildConfigurationList = 7BC363C32977DE7900AECA78 /* Build configuration list for PBXNativeTarget "practice_back" */;
			buildPhases = (
				7BC363AB2977DE7800AECA78 /* Sources */,
				7BC363AC2977DE7800AECA78 /* Frameworks */,
				7BC363AD2977DE7800AECA78 /* Resources */,
			);
			buildRules = (
			);
			dependencies = (
			);
			name = practice_back;
			productName = practice_back;
			productReference = 7BC363AF2977DE7800AECA78 /* practice_back.app */;
			productType = "com.apple.product-type.application";
		};
/* End PBXNativeTarget section */

/* Begin PBXProject section */
		7BC363A72977DE7800AECA78 /* Project object */ = {
			isa = PBXProject;
			attributes = {
				BuildIndependentTargetsInParallel = 1;
				LastSwiftUpdateCheck = 1420;
				LastUpgradeCheck = 1420;
				TargetAttributes = {
					7BC363AE2977DE7800AECA78 = {
						CreatedOnToolsVersion = 14.2;
					};
				};
			};
			buildConfigurationList = 7BC363AA2977DE7800AECA78 /* Build configuration list for PBXProject "practice_back" */;
			compatibilityVersion = "Xcode 14.0";
			developmentRegion = en;
			hasScannedForEncodings = 0;
			knownRegions = (
				en,
				Base,
			);
			mainGroup = 7BC363A62977DE7800AECA78;
			productRefGroup = 7BC363B02977DE7800AECA78 /* Products */;
			projectDirPath = "";
			projectRoot = "";
			targets = (
				7BC363AE2977DE7800AECA78 /* practice_back */,
			);
		};
/* End PBXProject section */

/* Begin PBXResourcesBuildPhase section */
		7BC363AD2977DE7800AECA78 /* Resources */ = {
			isa = PBXResourcesBuildPhase;
			buildActionMask = 2147483647;
			files = (
				7BC363BF2977DE7900AECA78 /* LaunchScreen.storyboard in Resources */,
				7BC363BC2977DE7900AECA78 /* Assets.xcassets in Resources */,
				7BC363BA2977DE7800AECA78 /* Main.storyboard in Resources */,
			);
			runOnlyForDeploymentPostprocessing = 0;
		};
/* End PBXResourcesBuildPhase section */

/* Begin PBXSourcesBuildPhase section */
		7BC363AB2977DE7800AECA78 /* Sources */ = {
			isa = PBXSourcesBuildPhase;
			buildActionMask = 2147483647;
			files = (
				7BC363B72977DE7800AECA78 /* ViewController.swift in Sources */,
				7BC363B32977DE7800AECA78 /* AppDelegate.swift in Sources */,
				7BC363B52977DE7800AECA78 /* SceneDelegate.swift in Sources */,
			);
			runOnlyForDeploymentPostprocessing = 0;
		};
/* End PBXSourcesBuildPhase section */

/* Begin PBXVariantGroup section */
		7BC363B82977DE7800AECA78 /* Main.storyboard */ = {
			isa = PBXVariantGroup;
			children = (
				7BC363B92977DE7800AECA78 /* Base */,
			);
			name = Main.storyboard;
			sourceTree = "<group>";
		};
		7BC363BD2977DE7900AECA78 /* LaunchScreen.storyboard */ = {
			isa = PBXVariantGroup;
			children = (
				7BC363BE2977DE7900AECA78 /* Base */,
			);
			name = LaunchScreen.storyboard;
			sourceTree = "<group>";
		};
/* End PBXVariantGroup section */

/* Begin XCBuildConfiguration section */
		7BC363C12977DE7900AECA78 /* Debug */ = {
			isa = XCBuildConfiguration;
			buildSettings = {
				ALWAYS_SEARCH_USER_PATHS = NO;
				CLANG_ANALYZER_NONNULL = YES;
				CLANG_ANALYZER_NUMBER_OBJECT_CONVERSION = YES_AGGRESSIVE;
				CLANG_CXX_LANGUAGE_STANDARD = "gnu++20";
				CLANG_ENABLE_MODULES = YES;
				CLANG_ENABLE_OBJC_ARC = YES;
				CLANG_ENABLE_OBJC_WEAK = YES;
				CLANG_WARN_BLOCK_CAPTURE_AUTORELEASING = YES;
				CLANG_WARN_BOOL_CONVERSION = YES;
				CLANG_WARN_COMMA = YES;
				CLANG_WARN_CONSTANT_CONVERSION = YES;
				CLANG_WARN_DEPRECATED_OBJC_IMPLEMENTATIONS = YES;
				CLANG_WARN_DIRECT_OBJC_ISA_USAGE = YES_ERROR;
				CLANG_WARN_DOCUMENTATION_COMMENTS = YES;
				CLANG_WARN_EMPTY_BODY = YES;
				CLANG_WARN_ENUM_CONVERSION = YES;
				CLANG_WARN_INFINITE_RECURSION = YES;
				CLANG_WARN_INT_CONVERSION = YES;
				CLANG_WARN_NON_LITERAL_NULL_CONVERSION = YES;
				CLANG_WARN_OBJC_IMPLICIT_RETAIN_SELF = YES;
				CLANG_WARN_OBJC_LITERAL_CONVERSION = YES;
				CLANG_WARN_OBJC_ROOT_CLASS = YES_ERROR;
				CLANG_WARN_QUOTED_INCLUDE_IN_FRAMEWORK_HEADER = YES;
				CLANG_WARN_RANGE_LOOP_ANALYSIS = YES;
				CLANG_WARN_STRICT_PROTOTYPES = YES;
				CLANG_WARN_SUSPICIOUS_MOVE = YES;
				CLANG_WARN_UNGUARDED_AVAILABILITY = YES_AGGRESSIVE;
				CLANG_WARN_UNREACHABLE_CODE = YES;
				CLANG_WARN__DUPLICATE_METHOD_MATCH = YES;
				COPY_PHASE_STRIP = NO;
				DEBUG_INFORMATION_FORMAT = dwarf;
				ENABLE_STRICT_OBJC_MSGSEND = YES;
				ENABLE_TESTABILITY = YES;
				GCC_C_LANGUAGE_STANDARD = gnu11;
				GCC_DYNAMIC_NO_PIC = NO;
				GCC_NO_COMMON_BLOCKS = YES;
				GCC_OPTIMIZATION_LEVEL = 0;
				GCC_PREPROCESSOR_DEFINITIONS = (
					"DEBUG=1",
					"$(inherited)",
				);
				GCC_WARN_64_TO_32_BIT_CONVERSION = YES;
				GCC_WARN_ABOUT_RETURN_TYPE = YES_ERROR;
				GCC_WARN_UNDECLARED_SELECTOR = YES;
				GCC_WARN_UNINITIALIZED_AUTOS = YES_AGGRESSIVE;
				GCC_WARN_UNUSED_FUNCTION = YES;
				GCC_WARN_UNUSED_VARIABLE = YES;
				IPHONEOS_DEPLOYMENT_TARGET = 16.2;
				MTL_ENABLE_DEBUG_INFO = INCLUDE_SOURCE;
				MTL_FAST_MATH = YES;
				ONLY_ACTIVE_ARCH = YES;
				SDKROOT = iphoneos;
				SWIFT_ACTIVE_COMPILATION_CONDITIONS = DEBUG;
				SWIFT_OPTIMIZATION_LEVEL = "-Onone";
			};
			name = Debug;
		};
		7BC363C22977DE7900AECA78 /* Release */ = {
			isa = XCBuildConfiguration;
			buildSettings = {
				ALWAYS_SEARCH_USER_PATHS = NO;
				CLANG_ANALYZER_NONNULL = YES;
				CLANG_ANALYZER_NUMBER_OBJECT_CONVERSION = YES_AGGRESSIVE;
				CLANG_CXX_LANGUAGE_STANDARD = "gnu++20";
				CLANG_ENABLE_MODULES = YES;
				CLANG_ENABLE_OBJC_ARC = YES;
				CLANG_ENABLE_OBJC_WEAK = YES;
				CLANG_WARN_BLOCK_CAPTURE_AUTORELEASING = YES;
				CLANG_WARN_BOOL_CONVERSION = YES;
				CLANG_WARN_COMMA = YES;
				CLANG_WARN_CONSTANT_CONVERSION = YES;
				CLANG_WARN_DEPRECATED_OBJC_IMPLEMENTATIONS = YES;
				CLANG_WARN_DIRECT_OBJC_ISA_USAGE = YES_ERROR;
				CLANG_WARN_DOCUMENTATION_COMMENTS = YES;
				CLANG_WARN_EMPTY_BODY = YES;
				CLANG_WARN_ENUM_CONVERSION = YES;
				CLANG_WARN_INFINITE_RECURSION = YES;
				CLANG_WARN_INT_CONVERSION = YES;
				CLANG_WARN_NON_LITERAL_NULL_CONVERSION = YES;
				CLANG_WARN_OBJC_IMPLICIT_RETAIN_SELF = YES;
				CLANG_WARN_OBJC_LITERAL_CONVERSION = YES;
				CLANG_WARN_OBJC_ROOT_CLASS = YES_ERROR;
				CLANG_WARN_QUOTED_INCLUDE_IN_FRAMEWORK_HEADER = YES;
				CLANG_WARN_RANGE_LOOP_ANALYSIS = YES;
				CLANG_WARN_STRICT_PROTOTYPES = YES;
				CLANG_WARN_SUSPICIOUS_MOVE = YES;
				CLANG_WARN_UNGUARDED_AVAILABILITY = YES_AGGRESSIVE;
				CLANG_WARN_UNREACHABLE_CODE = YES;
				CLANG_WARN__DUPLICATE_METHOD_MATCH = YES;
				COPY_PHASE_STRIP = NO;
				DEBUG_INFORMATION_FORMAT = "dwarf-with-dsym";
				ENABLE_NS_ASSERTIONS = NO;
				ENABLE_STRICT_OBJC_MSGSEND = YES;
				GCC_C_LANGUAGE_STANDARD = gnu11;
				GCC_NO_COMMON_BLOCKS = YES;
				GCC_WARN_64_TO_32_BIT_CONVERSION = YES;
				GCC_WARN_ABOUT_RETURN_TYPE = YES_ERROR;
				GCC_WARN_UNDECLARED_SELECTOR = YES;
				GCC_WARN_UNINITIALIZED_AUTOS = YES_AGGRESSIVE;
				GCC_WARN_UNUSED_FUNCTION = YES;
				GCC_WARN_UNUSED_VARIABLE = YES;
				IPHONEOS_DEPLOYMENT_TARGET = 16.2;
				MTL_ENABLE_DEBUG_INFO = NO;
				MTL_FAST_MATH = YES;
				SDKROOT = iphoneos;
				SWIFT_COMPILATION_MODE = wholemodule;
				SWIFT_OPTIMIZATION_LEVEL = "-O";
				VALIDATE_PRODUCT = YES;
			};
			name = Release;
		};
		7BC363C42977DE7900AECA78 /* Debug */ = {
			isa = XCBuildConfiguration;
			buildSettings = {
				ASSETCATALOG_COMPILER_APPICON_NAME = AppIcon;
				ASSETCATALOG_COMPILER_GLOBAL_ACCENT_COLOR_NAME = AccentColor;
				CODE_SIGN_STYLE = Automatic;
				CURRENT_PROJECT_VERSION = 1;
				DEVELOPMENT_TEAM = 9Y3C29YBST;
				GENERATE_INFOPLIST_FILE = YES;
				INFOPLIST_FILE = practice_back/Info.plist;
				INFOPLIST_KEY_UIApplicationSupportsIndirectInputEvents = YES;
				INFOPLIST_KEY_UILaunchStoryboardName = LaunchScreen;
				INFOPLIST_KEY_UIMainStoryboardFile = Main;
				INFOPLIST_KEY_UISupportedInterfaceOrientations_iPad = "UIInterfaceOrientationPortrait UIInterfaceOrientationPortraitUpsideDown UIInterfaceOrientationLandscapeLeft UIInterfaceOrientationLandscapeRight";
				INFOPLIST_KEY_UISupportedInterfaceOrientations_iPhone = "UIInterfaceOrientationPortrait UIInterfaceOrientationLandscapeLeft UIInterfaceOrientationLandscapeRight";
				LD_RUNPATH_SEARCH_PATHS = (
					"$(inherited)",
					"@executable_path/Frameworks",
				);
				MARKETING_VERSION = 1.0;
				PRODUCT_BUNDLE_IDENTIFIER = "Cudo.practice-back";
				PRODUCT_NAME = "$(TARGET_NAME)";
				SWIFT_EMIT_LOC_STRINGS = YES;
				SWIFT_VERSION = 5.0;
				TARGETED_DEVICE_FAMILY = "1,2";
			};
			name = Debug;
		};
		7BC363C52977DE7900AECA78 /* Release */ = {
			isa = XCBuildConfiguration;
			buildSettings = {
				ASSETCATALOG_COMPILER_APPICON_NAME = AppIcon;
				ASSETCATALOG_COMPILER_GLOBAL_ACCENT_COLOR_NAME = AccentColor;
				CODE_SIGN_STYLE = Automatic;
				CURRENT_PROJECT_VERSION = 1;
				DEVELOPMENT_TEAM = 9Y3C29YBST;
				GENERATE_INFOPLIST_FILE = YES;
				INFOPLIST_FILE = practice_back/Info.plist;
				INFOPLIST_KEY_UIApplicationSupportsIndirectInputEvents = YES;
				INFOPLIST_KEY_UILaunchStoryboardName = LaunchScreen;
				INFOPLIST_KEY_UIMainStoryboardFile = Main;
				INFOPLIST_KEY_UISupportedInterfaceOrientations_iPad = "UIInterfaceOrientationPortrait UIInterfaceOrientationPortraitUpsideDown UIInterfaceOrientationLandscapeLeft UIInterfaceOrientationLandscapeRight";
				INFOPLIST_KEY_UISupportedInterfaceOrientations_iPhone = "UIInterfaceOrientationPortrait UIInterfaceOrientationLandscapeLeft UIInterfaceOrientationLandscapeRight";
				LD_RUNPATH_SEARCH_PATHS = (
					"$(inherited)",
					"@executable_path/Frameworks",
				);
				MARKETING_VERSION = 1.0;
				PRODUCT_BUNDLE_IDENTIFIER = "Cudo.practice-back";
				PRODUCT_NAME = "$(TARGET_NAME)";
				SWIFT_EMIT_LOC_STRINGS = YES;
				SWIFT_VERSION = 5.0;
				TARGETED_DEVICE_FAMILY = "1,2";
			};
			name = Release;
		};
/* End XCBuildConfiguration section */

/* Begin XCConfigurationList section */
		7BC363AA2977DE7800AECA78 /* Build configuration list for PBXProject "practice_back" */ = {
			isa = XCConfigurationList;
			buildConfigurations = (
				7BC363C12977DE7900AECA78 /* Debug */,
				7BC363C22977DE7900AECA78 /* Release */,
			);
			defaultConfigurationIsVisible = 0;
			defaultConfigurationName = Release;
		};
		7BC363C32977DE7900AECA78 /* Build configuration list for PBXNativeTarget "practice_back" */ = {
			isa = XCConfigurationList;
			buildConfigurations = (
				7BC363C42977DE7900AECA78 /* Debug */,
				7BC363C52977DE7900AECA78 /* Release */,
			);
			defaultConfigurationIsVisible = 0;
			defaultConfigurationName = Release;
		};
/* End XCConfigurationList section */
	};
	rootObject = 7BC363A72977DE7800AECA78 /* Project object */;
}
