// !$*UTF8*$!
{
	archiveVersion = 1;
	classes = {
	};
	objectVersion = 56;
	objects = {

/* Begin PBXBuildFile section */
		7BC363B32977DE7800AECA78 /* AppDelegate.swift in Sources */ = {isa = PBXBuildFile; fileRef = 7BC363B22977DE7800AECA78 /* AppDelegate.swift */; };
		7BC363B52977DE7800AECA78 /* SceneDelegate.swift in Sources */ = {isa = PBXBuildFile; fileRef = 7BC363B42977DE7800AECA78 /* SceneDelegate.swift */; };
		7BC363B72977DE7800AECA78 /* ViewController.swift in Sources */ = {isa = PBXBuildFile; fileRef = 7BC363B62977DE7800AECA78 /* ViewController.swift */; };
		7BC363BA2977DE7800AECA78 /* Main.storyboard in Resources */ = {isa = PBXBuildFile; fileRef = 7BC363B82977DE7800AECA78 /* Main.storyboard */; };
		7BC363BC2977DE7900AECA78 /* Assets.xcassets in Resources */ = {isa = PBXBuildFile; fileRef = 7BC363BB2977DE7900AECA78 /* Assets.xcassets */; };
		7BC363BF2977DE7900AECA78 /* LaunchScreen.storyboard in Resources */ = {isa = PBXBuildFile; fileRef = 7BC363BD2977DE7900AECA78 /* LaunchScreen.storyboard */; };
		7BC39B8E2980FC890092BB88 /* Info.plist in Resources */ = {isa = PBXBuildFile; fileRef = 7BC39B8D2980FC890092BB88 /* Info.plist */; };
/* End PBXBuildFile section */

/* Begin PBXFileReference section */
		7B9E47BE298265E60067CAAB /* Day3_2.playground */ = {isa = PBXFileReference; lastKnownFileType = file.playground; path = Day3_2.playground; sourceTree = "<group>"; xcLanguageSpecificationIdentifier = xcode.lang.swift; };
		7B9E47C0298272650067CAAB /* 2839.playground */ = {isa = PBXFileReference; lastKnownFileType = file.playground; path = 2839.playground; sourceTree = "<group>"; xcLanguageSpecificationIdentifier = xcode.lang.swift; };
		7BA35D982995CF520005E0A9 /* 15312.playground */ = {isa = PBXFileReference; lastKnownFileType = file.playground; path = 15312.playground; sourceTree = "<group>"; xcLanguageSpecificationIdentifier = xcode.lang.swift; };
		7BA35D992995D77E0005E0A9 /* 19947.playground */ = {isa = PBXFileReference; lastKnownFileType = file.playground; path = 19947.playground; sourceTree = "<group>"; xcLanguageSpecificationIdentifier = xcode.lang.swift; };
		7BA35D9A29961B550005E0A9 /* 25644.playground */ = {isa = PBXFileReference; lastKnownFileType = file.playground; path = 25644.playground; sourceTree = "<group>"; xcLanguageSpecificationIdentifier = xcode.lang.swift; };
		7BA765312991CDA20072B5A4 /* 1439.playground */ = {isa = PBXFileReference; lastKnownFileType = file.playground; path = 1439.playground; sourceTree = "<group>"; xcLanguageSpecificationIdentifier = xcode.lang.swift; };
		7BA765322991D22F0072B5A4 /* 16953.playground */ = {isa = PBXFileReference; lastKnownFileType = file.playground; path = 16953.playground; sourceTree = "<group>"; xcLanguageSpecificationIdentifier = xcode.lang.swift; };
		7BA765332991E4B70072B5A4 /* 1339.playground */ = {isa = PBXFileReference; lastKnownFileType = file.playground; path = 1339.playground; sourceTree = "<group>"; xcLanguageSpecificationIdentifier = xcode.lang.swift; };
		7BA8AC592989FD690010ECD8 /* BackPack.playground */ = {isa = PBXFileReference; lastKnownFileType = file.playground; path = BackPack.playground; sourceTree = "<group>"; xcLanguageSpecificationIdentifier = xcode.lang.swift; };
		7BAC1FA9297CD2D400D3B424 /* Tree Traversal.playground */ = {isa = PBXFileReference; lastKnownFileType = file.playground; path = "Tree Traversal.playground"; sourceTree = "<group>"; xcLanguageSpecificationIdentifier = xcode.lang.swift; };
		7BAD6257297E5C64009A73D1 /* BST(BinarySearchTree).playground */ = {isa = PBXFileReference; lastKnownFileType = file.playground; path = "BST(BinarySearchTree).playground"; sourceTree = "<group>"; xcLanguageSpecificationIdentifier = xcode.lang.swift; };
		7BAF88F02994774900A6C5E3 /* 17202.playground */ = {isa = PBXFileReference; lastKnownFileType = file.playground; path = 17202.playground; sourceTree = "<group>"; xcLanguageSpecificationIdentifier = xcode.lang.swift; };
		7BAF88F129948CDE00A6C5E3 /* 1010.playground */ = {isa = PBXFileReference; lastKnownFileType = file.playground; path = 1010.playground; sourceTree = "<group>"; xcLanguageSpecificationIdentifier = xcode.lang.swift; };
		7BAF88F22994AF7C00A6C5E3 /* 9655_9625_.playground */ = {isa = PBXFileReference; lastKnownFileType = file.playground; path = 9655_9625_.playground; sourceTree = "<group>"; xcLanguageSpecificationIdentifier = xcode.lang.swift; };
		7BAF88F32994BFEB00A6C5E3 /* 14916.playground */ = {isa = PBXFileReference; lastKnownFileType = file.playground; path = 14916.playground; sourceTree = "<group>"; xcLanguageSpecificationIdentifier = xcode.lang.swift; };
		7BAF88F62994DE8B00A6C5E3 /* 13301.playground */ = {isa = PBXFileReference; lastKnownFileType = file.playground; path = 13301.playground; sourceTree = "<group>"; xcLanguageSpecificationIdentifier = xcode.lang.swift; };
		7BAF88F72994E52800A6C5E3 /* 16395.playground */ = {isa = PBXFileReference; lastKnownFileType = file.playground; path = 16395.playground; sourceTree = "<group>"; xcLanguageSpecificationIdentifier = xcode.lang.swift; };
		7BAFCA08298760760027F906 /* EditDistance.playground */ = {isa = PBXFileReference; lastKnownFileType = file.playground; path = EditDistance.playground; sourceTree = "<group>"; xcLanguageSpecificationIdentifier = xcode.lang.swift; };
		7BAFCA0929877A160027F906 /* Character.playground */ = {isa = PBXFileReference; lastKnownFileType = file.playground; path = Character.playground; sourceTree = "<group>"; xcLanguageSpecificationIdentifier = xcode.lang.swift; };
		7BAFCA0A2987A4F40027F906 /* String.playground */ = {isa = PBXFileReference; lastKnownFileType = file.playground; path = String.playground; sourceTree = "<group>"; xcLanguageSpecificationIdentifier = xcode.lang.swift; };
		7BAFFAB729835F9700E3ABE7 /* Floyd-Warshall.playground */ = {isa = PBXFileReference; lastKnownFileType = file.playground; path = "Floyd-Warshall.playground"; sourceTree = "<group>"; xcLanguageSpecificationIdentifier = xcode.lang.swift; };
		7BAFFAB92983C66300E3ABE7 /* MatrixChain.playground */ = {isa = PBXFileReference; lastKnownFileType = file.playground; path = MatrixChain.playground; sourceTree = "<group>"; xcLanguageSpecificationIdentifier = xcode.lang.swift; };
		7BB1F392299C6312006DB1F6 /* 25214.playground */ = {isa = PBXFileReference; lastKnownFileType = file.playground; path = 25214.playground; sourceTree = "<group>"; xcLanguageSpecificationIdentifier = xcode.lang.swift; };
		7BB1F393299C741C006DB1F6 /* 24417.playground */ = {isa = PBXFileReference; lastKnownFileType = file.playground; path = 24417.playground; sourceTree = "<group>"; xcLanguageSpecificationIdentifier = xcode.lang.swift; };
		7BB1F394299C79C0006DB1F6 /* Day4_2_P.playground */ = {isa = PBXFileReference; lastKnownFileType = file.playground; path = Day4_2_P.playground; sourceTree = "<group>"; xcLanguageSpecificationIdentifier = xcode.lang.swift; };
		7BBB3C33298C8B4A00649DB5 /* Math.playground */ = {isa = PBXFileReference; lastKnownFileType = file.playground; path = Math.playground; sourceTree = "<group>"; xcLanguageSpecificationIdentifier = xcode.lang.swift; };
		7BBB3C34298CAA8500649DB5 /* DPCoinChange.playground */ = {isa = PBXFileReference; lastKnownFileType = file.playground; path = DPCoinChange.playground; sourceTree = "<group>"; xcLanguageSpecificationIdentifier = xcode.lang.swift; };
		7BC3426B297A10CF001DB1B8 /* 11279.playground */ = {isa = PBXFileReference; lastKnownFileType = file.playground; path = 11279.playground; sourceTree = "<group>"; xcLanguageSpecificationIdentifier = xcode.lang.swift; };
		7BC3426F297A221F001DB1B8 /* Stack.playground */ = {isa = PBXFileReference; lastKnownFileType = file.playground; path = Stack.playground; sourceTree = "<group>"; xcLanguageSpecificationIdentifier = xcode.lang.swift; };
		7BC34271297A2415001DB1B8 /* Queue.playground */ = {isa = PBXFileReference; lastKnownFileType = file.playground; path = Queue.playground; sourceTree = "<group>"; xcLanguageSpecificationIdentifier = xcode.lang.swift; };
		7BC34272297A2C75001DB1B8 /* internet_Queue.playground */ = {isa = PBXFileReference; lastKnownFileType = file.playground; path = internet_Queue.playground; sourceTree = "<group>"; xcLanguageSpecificationIdentifier = xcode.lang.swift; };
		7BC34274297A364B001DB1B8 /* LinkedList.playground */ = {isa = PBXFileReference; lastKnownFileType = file.playground; path = LinkedList.playground; sourceTree = "<group>"; xcLanguageSpecificationIdentifier = xcode.lang.swift; };
		7BC34275297A555D001DB1B8 /* Doubly LinkedList.playground */ = {isa = PBXFileReference; lastKnownFileType = file.playground; path = "Doubly LinkedList.playground"; sourceTree = "<group>"; xcLanguageSpecificationIdentifier = xcode.lang.swift; };
		7BC363AF2977DE7800AECA78 /* practice_back.app */ = {isa = PBXFileReference; explicitFileType = wrapper.application; includeInIndex = 0; path = practice_back.app; sourceTree = BUILT_PRODUCTS_DIR; };
		7BC363B22977DE7800AECA78 /* AppDelegate.swift */ = {isa = PBXFileReference; lastKnownFileType = sourcecode.swift; path = AppDelegate.swift; sourceTree = "<group>"; };
		7BC363B42977DE7800AECA78 /* SceneDelegate.swift */ = {isa = PBXFileReference; lastKnownFileType = sourcecode.swift; path = SceneDelegate.swift; sourceTree = "<group>"; };
		7BC363B62977DE7800AECA78 /* ViewController.swift */ = {isa = PBXFileReference; lastKnownFileType = sourcecode.swift; path = ViewController.swift; sourceTree = "<group>"; };
		7BC363B92977DE7800AECA78 /* Base */ = {isa = PBXFileReference; lastKnownFileType = file.storyboard; name = Base; path = Base.lproj/Main.storyboard; sourceTree = "<group>"; };
		7BC363BB2977DE7900AECA78 /* Assets.xcassets */ = {isa = PBXFileReference; lastKnownFileType = folder.assetcatalog; path = Assets.xcassets; sourceTree = "<group>"; };
		7BC363BE2977DE7900AECA78 /* Base */ = {isa = PBXFileReference; lastKnownFileType = file.storyboard; name = Base; path = Base.lproj/LaunchScreen.storyboard; sourceTree = "<group>"; };
		7BC363C72977DE9800AECA78 /* 1946.playground */ = {isa = PBXFileReference; lastKnownFileType = file.playground; path = 1946.playground; sourceTree = "<group>"; xcLanguageSpecificationIdentifier = xcode.lang.swift; };
		7BC39B842980AF020092BB88 /* Design_init&Convenience_init.playground */ = {isa = PBXFileReference; lastKnownFileType = file.playground; path = "Design_init&Convenience_init.playground"; sourceTree = "<group>"; xcLanguageSpecificationIdentifier = xcode.lang.swift; };
		7BC39B862980B8C30092BB88 /* 2042.playground */ = {isa = PBXFileReference; lastKnownFileType = file.playground; path = 2042.playground; sourceTree = "<group>"; xcLanguageSpecificationIdentifier = xcode.lang.swift; };
		7BC39B8B2980E5080092BB88 /* Graph.playground */ = {isa = PBXFileReference; lastKnownFileType = file.playground; path = Graph.playground; sourceTree = "<group>"; xcLanguageSpecificationIdentifier = xcode.lang.swift; };
		7BC39B8D2980FC890092BB88 /* Info.plist */ = {isa = PBXFileReference; fileEncoding = 4; lastKnownFileType = text.plist.xml; path = Info.plist; sourceTree = "<group>"; };
		7BC39B9129811E980092BB88 /* Sort.playground */ = {isa = PBXFileReference; lastKnownFileType = file.playground; path = Sort.playground; sourceTree = "<group>"; xcLanguageSpecificationIdentifier = xcode.lang.swift; };
		7BC655302980153D006D3626 /* File.playground */ = {isa = PBXFileReference; lastKnownFileType = file.playground; path = File.playground; sourceTree = "<group>"; xcLanguageSpecificationIdentifier = xcode.lang.swift; };
		7BC65532298015B3006D3626 /* Array.playground */ = {isa = PBXFileReference; lastKnownFileType = file.playground; path = Array.playground; sourceTree = "<group>"; xcLanguageSpecificationIdentifier = xcode.lang.swift; };
		7BC6553329801ACA006D3626 /* SegmentTree.playground */ = {isa = PBXFileReference; lastKnownFileType = file.playground; path = SegmentTree.playground; sourceTree = "<group>"; xcLanguageSpecificationIdentifier = xcode.lang.swift; };
		7BC95457299B074E00873128 /* 2491.playground */ = {isa = PBXFileReference; lastKnownFileType = file.playground; path = 2491.playground; sourceTree = "<group>"; xcLanguageSpecificationIdentifier = xcode.lang.swift; };
		7BC95458299B0D1900873128 /* 2670.playground */ = {isa = PBXFileReference; lastKnownFileType = file.playground; path = 2670.playground; sourceTree = "<group>"; xcLanguageSpecificationIdentifier = xcode.lang.swift; };
		7BC95459299B192F00873128 /* 13699.playground */ = {isa = PBXFileReference; lastKnownFileType = file.playground; path = 13699.playground; sourceTree = "<group>"; xcLanguageSpecificationIdentifier = xcode.lang.swift; };
		7BC9545A299B433800873128 /* 14495.playground */ = {isa = PBXFileReference; lastKnownFileType = file.playground; path = 14495.playground; sourceTree = "<group>"; xcLanguageSpecificationIdentifier = xcode.lang.swift; };
		7BC9545B299B468200873128 /* 15624.playground */ = {isa = PBXFileReference; lastKnownFileType = file.playground; path = 15624.playground; sourceTree = "<group>"; xcLanguageSpecificationIdentifier = xcode.lang.swift; };
		7BC9545C299B4CF100873128 /* 15489.playground */ = {isa = PBXFileReference; lastKnownFileType = file.playground; path = 15489.playground; sourceTree = "<group>"; xcLanguageSpecificationIdentifier = xcode.lang.swift; };
		7BC9545D299B5C7600873128 /* 14606.playground */ = {isa = PBXFileReference; lastKnownFileType = file.playground; path = 14606.playground; sourceTree = "<group>"; xcLanguageSpecificationIdentifier = xcode.lang.swift; };
		7BC9545E299B757400873128 /* Day3_2_P.playground */ = {isa = PBXFileReference; lastKnownFileType = file.playground; path = Day3_2_P.playground; sourceTree = "<group>"; xcLanguageSpecificationIdentifier = xcode.lang.swift; };
		7BCA55DF2982383200BD9063 /* Karasuba.playground */ = {isa = PBXFileReference; lastKnownFileType = file.playground; path = Karasuba.playground; sourceTree = "<group>"; xcLanguageSpecificationIdentifier = xcode.lang.swift; };
		7BCA55E029825A1700BD9063 /* Day3_1.playground */ = {isa = PBXFileReference; lastKnownFileType = file.playground; path = Day3_1.playground; sourceTree = "<group>"; xcLanguageSpecificationIdentifier = xcode.lang.swift; };
		7BCA7F7C298B899300107855 /* Day4_1.playground */ = {isa = PBXFileReference; lastKnownFileType = file.playground; path = Day4_1.playground; sourceTree = "<group>"; xcLanguageSpecificationIdentifier = xcode.lang.swift; };
		7BCA7F7F298B9B7C00107855 /* Day4_2.playground */ = {isa = PBXFileReference; lastKnownFileType = file.playground; path = Day4_2.playground; sourceTree = "<group>"; xcLanguageSpecificationIdentifier = xcode.lang.swift; };
		7BCAD59229936DB600EBB867 /* 1324.playground */ = {isa = PBXFileReference; lastKnownFileType = file.playground; path = 1324.playground; sourceTree = "<group>"; xcLanguageSpecificationIdentifier = xcode.lang.swift; };
		7BCAD59329937E5200EBB867 /* 11726.playground */ = {isa = PBXFileReference; lastKnownFileType = file.playground; path = 11726.playground; sourceTree = "<group>"; xcLanguageSpecificationIdentifier = xcode.lang.swift; };
		7BCAD59429938EE700EBB867 /* 1149.playground */ = {isa = PBXFileReference; lastKnownFileType = file.playground; path = 1149.playground; sourceTree = "<group>"; xcLanguageSpecificationIdentifier = xcode.lang.swift; };
		7BCAD595299390BF00EBB867 /* 2748.playground */ = {isa = PBXFileReference; lastKnownFileType = file.playground; path = 2748.playground; sourceTree = "<group>"; xcLanguageSpecificationIdentifier = xcode.lang.swift; };
		7BCAD59629939A1200EBB867 /* 24416.playground */ = {isa = PBXFileReference; lastKnownFileType = file.playground; path = 24416.playground; sourceTree = "<group>"; xcLanguageSpecificationIdentifier = xcode.lang.swift; };
		7BD1B13029907AB500DC9D60 /* Day1_1.playground */ = {isa = PBXFileReference; lastKnownFileType = file.playground; path = Day1_1.playground; sourceTree = "<group>"; xcLanguageSpecificationIdentifier = xcode.lang.swift; };
		7BD358242999B9C3002F15A5 /* 9656.playground */ = {isa = PBXFileReference; lastKnownFileType = file.playground; path = 9656.playground; sourceTree = "<group>"; xcLanguageSpecificationIdentifier = xcode.lang.swift; };
		7BF3CC2F2978BE55003F0F7A /* 1715.playground */ = {isa = PBXFileReference; lastKnownFileType = file.playground; path = 1715.playground; sourceTree = "<group>"; xcLanguageSpecificationIdentifier = xcode.lang.swift; };
		7BF3CC312978D64F003F0F7A /* MinHeap.playground */ = {isa = PBXFileReference; lastKnownFileType = file.playground; path = MinHeap.playground; sourceTree = "<group>"; xcLanguageSpecificationIdentifier = xcode.lang.swift; };
		7BF3CC322978FBF6003F0F7A /* MaxHeap.playground */ = {isa = PBXFileReference; lastKnownFileType = file.playground; path = MaxHeap.playground; sourceTree = "<group>"; xcLanguageSpecificationIdentifier = xcode.lang.swift; };
		7BF3CC3429791499003F0F7A /* Day2_1.playground */ = {isa = PBXFileReference; lastKnownFileType = file.playground; path = Day2_1.playground; sourceTree = "<group>"; xcLanguageSpecificationIdentifier = xcode.lang.swift; };
		7BF3CC352979197F003F0F7A /* Day1_2.playground */ = {isa = PBXFileReference; lastKnownFileType = file.playground; path = Day1_2.playground; sourceTree = "<group>"; xcLanguageSpecificationIdentifier = xcode.lang.swift; };
		7BF3CC3829792B6C003F0F7A /* Day2_2.playground */ = {isa = PBXFileReference; lastKnownFileType = file.playground; path = Day2_2.playground; sourceTree = "<group>"; xcLanguageSpecificationIdentifier = xcode.lang.swift; };
		7BF3CC3929792C06003F0F7A /* Day2_3.playground */ = {isa = PBXFileReference; lastKnownFileType = file.playground; path = Day2_3.playground; sourceTree = "<group>"; xcLanguageSpecificationIdentifier = xcode.lang.swift; };
		7BF3CC3A29793186003F0F7A /* 1927.playground */ = {isa = PBXFileReference; lastKnownFileType = file.playground; path = 1927.playground; sourceTree = "<group>"; xcLanguageSpecificationIdentifier = xcode.lang.swift; };
/* End PBXFileReference section */

/* Begin PBXFrameworksBuildPhase section */
		7BC363AC2977DE7800AECA78 /* Frameworks */ = {
			isa = PBXFrameworksBuildPhase;
			buildActionMask = 2147483647;
			files = (
			);
			runOnlyForDeploymentPostprocessing = 0;
		};
/* End PBXFrameworksBuildPhase section */

/* Begin PBXGroup section */
		7B9E47BF298272580067CAAB /* DP */ = {
			isa = PBXGroup;
			children = (
				7B9E47C0298272650067CAAB /* 2839.playground */,
				7BCAD59229936DB600EBB867 /* 1324.playground */,
				7BCAD59329937E5200EBB867 /* 11726.playground */,
				7BCAD59429938EE700EBB867 /* 1149.playground */,
				7BCAD595299390BF00EBB867 /* 2748.playground */,
				7BCAD59629939A1200EBB867 /* 24416.playground */,
				7BAF88F02994774900A6C5E3 /* 17202.playground */,
				7BAF88F129948CDE00A6C5E3 /* 1010.playground */,
				7BAF88F22994AF7C00A6C5E3 /* 9655_9625_.playground */,
				7BAF88F32994BFEB00A6C5E3 /* 14916.playground */,
				7BAF88F62994DE8B00A6C5E3 /* 13301.playground */,
				7BAF88F72994E52800A6C5E3 /* 16395.playground */,
				7BA35D982995CF520005E0A9 /* 15312.playground */,
				7BA35D992995D77E0005E0A9 /* 19947.playground */,
				7BA35D9A29961B550005E0A9 /* 25644.playground */,
				7BD358242999B9C3002F15A5 /* 9656.playground */,
				7BC95457299B074E00873128 /* 2491.playground */,
				7BC95458299B0D1900873128 /* 2670.playground */,
				7BC95459299B192F00873128 /* 13699.playground */,
				7BC9545A299B433800873128 /* 14495.playground */,
				7BC9545B299B468200873128 /* 15624.playground */,
				7BC9545C299B4CF100873128 /* 15489.playground */,
				7BC9545D299B5C7600873128 /* 14606.playground */,
				7BB1F392299C6312006DB1F6 /* 25214.playground */,
				7BB1F393299C741C006DB1F6 /* 24417.playground */,
			);
			path = DP;
			sourceTree = "<group>";
		};
		7BAFFAB829835F9D00E3ABE7 /* DP */ = {
			isa = PBXGroup;
			children = (
				7BAFFAB729835F9700E3ABE7 /* Floyd-Warshall.playground */,
				7BAFFAB92983C66300E3ABE7 /* MatrixChain.playground */,
				7BAFCA08298760760027F906 /* EditDistance.playground */,
				7BA8AC592989FD690010ECD8 /* BackPack.playground */,
				7BBB3C34298CAA8500649DB5 /* DPCoinChange.playground */,
			);
			path = DP;
			sourceTree = "<group>";
		};
		7BC3426A297A0F17001DB1B8 /* Priority queue */ = {
			isa = PBXGroup;
			children = (
				7BF3CC3A29793186003F0F7A /* 1927.playground */,
				7BC3426B297A10CF001DB1B8 /* 11279.playground */,
			);
			path = "Priority queue";
			sourceTree = "<group>";
		};
		7BC3426C297A1EEF001DB1B8 /* Greedy */ = {
			isa = PBXGroup;
			children = (
				7BF3CC2F2978BE55003F0F7A /* 1715.playground */,
				7BC363C72977DE9800AECA78 /* 1946.playground */,
				7BA765312991CDA20072B5A4 /* 1439.playground */,
				7BA765322991D22F0072B5A4 /* 16953.playground */,
				7BA765332991E4B70072B5A4 /* 1339.playground */,
			);
			path = Greedy;
			sourceTree = "<group>";
		};
		7BC3426D297A1F42001DB1B8 /* Priority queue */ = {
			isa = PBXGroup;
			children = (
				7BF3CC312978D64F003F0F7A /* MinHeap.playground */,
				7BF3CC322978FBF6003F0F7A /* MaxHeap.playground */,
			);
			path = "Priority queue";
			sourceTree = "<group>";
		};
		7BC3426E297A2211001DB1B8 /* Stack */ = {
			isa = PBXGroup;
			children = (
				7BC3426F297A221F001DB1B8 /* Stack.playground */,
			);
			path = Stack;
			sourceTree = "<group>";
		};
		7BC34270297A2403001DB1B8 /* Queue */ = {
			isa = PBXGroup;
			children = (
				7BC34271297A2415001DB1B8 /* Queue.playground */,
				7BC34272297A2C75001DB1B8 /* internet_Queue.playground */,
			);
			path = Queue;
			sourceTree = "<group>";
		};
		7BC34273297A3632001DB1B8 /* LinkedList */ = {
			isa = PBXGroup;
			children = (
				7BC34274297A364B001DB1B8 /* LinkedList.playground */,
				7BC34275297A555D001DB1B8 /* Doubly LinkedList.playground */,
			);
			path = LinkedList;
			sourceTree = "<group>";
		};
		7BC363A62977DE7800AECA78 = {
			isa = PBXGroup;
			children = (
				7BC39B8D2980FC890092BB88 /* Info.plist */,
				7BC6553129801542006D3626 /* Example */,
				7BF3CC3329791476003F0F7A /* codu */,
				7BF3CC302978D622003F0F7A /* DataStructure */,
				7BC363C62977DE8000AECA78 /* BaekJoon_ algorithm */,
				7BCA55DB298237D700BD9063 /* Algorithm */,
				7BC363B12977DE7800AECA78 /* trash */,
				7BC363B02977DE7800AECA78 /* Products */,
			);
			sourceTree = "<group>";
		};
		7BC363B02977DE7800AECA78 /* Products */ = {
			isa = PBXGroup;
			children = (
				7BC363AF2977DE7800AECA78 /* practice_back.app */,
			);
			name = Products;
			sourceTree = "<group>";
		};
		7BC363B12977DE7800AECA78 /* trash */ = {
			isa = PBXGroup;
			children = (
				7BC363B22977DE7800AECA78 /* AppDelegate.swift */,
				7BC363B42977DE7800AECA78 /* SceneDelegate.swift */,
				7BC363B62977DE7800AECA78 /* ViewController.swift */,
				7BC363B82977DE7800AECA78 /* Main.storyboard */,
				7BC363BB2977DE7900AECA78 /* Assets.xcassets */,
				7BC363BD2977DE7900AECA78 /* LaunchScreen.storyboard */,
			);
			path = trash;
			sourceTree = "<group>";
		};
		7BC363C62977DE8000AECA78 /* BaekJoon_ algorithm */ = {
			isa = PBXGroup;
			children = (
				7B9E47BF298272580067CAAB /* DP */,
				7BC3426C297A1EEF001DB1B8 /* Greedy */,
				7BC3426A297A0F17001DB1B8 /* Priority queue */,
				7BC39B852980B8A00092BB88 /* SegmentTree */,
			);
			path = "BaekJoon_ algorithm";
			sourceTree = "<group>";
		};
		7BC39B852980B8A00092BB88 /* SegmentTree */ = {
			isa = PBXGroup;
			children = (
				7BC39B862980B8C30092BB88 /* 2042.playground */,
			);
			path = SegmentTree;
			sourceTree = "<group>";
		};
		7BC39B8C2980E50E0092BB88 /* Graph */ = {
			isa = PBXGroup;
			children = (
				7BC39B8B2980E5080092BB88 /* Graph.playground */,
			);
			path = Graph;
			sourceTree = "<group>";
		};
		7BC39B9029811E780092BB88 /* Sort */ = {
			isa = PBXGroup;
			children = (
				7BC39B9129811E980092BB88 /* Sort.playground */,
			);
			path = Sort;
			sourceTree = "<group>";
		};
		7BC6553129801542006D3626 /* Example */ = {
			isa = PBXGroup;
			children = (
				7BC655302980153D006D3626 /* File.playground */,
				7BC65532298015B3006D3626 /* Array.playground */,
				7BC39B842980AF020092BB88 /* Design_init&Convenience_init.playground */,
				7BAFCA0929877A160027F906 /* Character.playground */,
				7BAFCA0A2987A4F40027F906 /* String.playground */,
				7BBB3C33298C8B4A00649DB5 /* Math.playground */,
			);
			path = Example;
			sourceTree = "<group>";
		};
		7BCA55DB298237D700BD9063 /* Algorithm */ = {
			isa = PBXGroup;
			children = (
				7BAFFAB829835F9D00E3ABE7 /* DP */,
				7BCA55DC298237E800BD9063 /* Karasuba */,
			);
			path = Algorithm;
			sourceTree = "<group>";
		};
		7BCA55DC298237E800BD9063 /* Karasuba */ = {
			isa = PBXGroup;
			children = (
				7BCA55DF2982383200BD9063 /* Karasuba.playground */,
			);
			path = Karasuba;
			sourceTree = "<group>";
		};
		7BDA7BE4297C2EF10050160A /* Tree */ = {
			isa = PBXGroup;
			children = (
				7BAD6257297E5C64009A73D1 /* BST(BinarySearchTree).playground */,
				7BAC1FA9297CD2D400D3B424 /* Tree Traversal.playground */,
				7BC6553329801ACA006D3626 /* SegmentTree.playground */,
			);
			path = Tree;
			sourceTree = "<group>";
		};
		7BF3CC302978D622003F0F7A /* DataStructure */ = {
			isa = PBXGroup;
			children = (
				7BC3426E297A2211001DB1B8 /* Stack */,
				7BC34270297A2403001DB1B8 /* Queue */,
				7BC34273297A3632001DB1B8 /* LinkedList */,
				7BC3426D297A1F42001DB1B8 /* Priority queue */,
				7BDA7BE4297C2EF10050160A /* Tree */,
				7BC39B8C2980E50E0092BB88 /* Graph */,
				7BC39B9029811E780092BB88 /* Sort */,
			);
			path = DataStructure;
			sourceTree = "<group>";
		};
		7BF3CC3329791476003F0F7A /* codu */ = {
			isa = PBXGroup;
			children = (
				7BD1B13029907AB500DC9D60 /* Day1_1.playground */,
				7BF3CC352979197F003F0F7A /* Day1_2.playground */,
				7BF3CC3429791499003F0F7A /* Day2_1.playground */,
				7BF3CC3829792B6C003F0F7A /* Day2_2.playground */,
				7BF3CC3929792C06003F0F7A /* Day2_3.playground */,
				7BCA55E029825A1700BD9063 /* Day3_1.playground */,
				7B9E47BE298265E60067CAAB /* Day3_2.playground */,
				7BC9545E299B757400873128 /* Day3_2_P.playground */,
				7BCA7F7C298B899300107855 /* Day4_1.playground */,
				7BCA7F7F298B9B7C00107855 /* Day4_2.playground */,
				7BB1F394299C79C0006DB1F6 /* Day4_2_P.playground */,
			);
			path = codu;
			sourceTree = "<group>";
		};
/* End PBXGroup section */

/* Begin PBXNativeTarget section */
		7BC363AE2977DE7800AECA78 /* practice_back */ = {
			isa = PBXNativeTarget;
			buildConfigurationList = 7BC363C32977DE7900AECA78 /* Build configuration list for PBXNativeTarget "practice_back" */;
			buildPhases = (
				7BC363AB2977DE7800AECA78 /* Sources */,
				7BC363AC2977DE7800AECA78 /* Frameworks */,
				7BC363AD2977DE7800AECA78 /* Resources */,
			);
			buildRules = (
			);
			dependencies = (
			);
			name = practice_back;
			productName = practice_back;
			productReference = 7BC363AF2977DE7800AECA78 /* practice_back.app */;
			productType = "com.apple.product-type.application";
		};
/* End PBXNativeTarget section */

/* Begin PBXProject section */
		7BC363A72977DE7800AECA78 /* Project object */ = {
			isa = PBXProject;
			attributes = {
				BuildIndependentTargetsInParallel = 1;
				LastSwiftUpdateCheck = 1420;
				LastUpgradeCheck = 1420;
				TargetAttributes = {
					7BC363AE2977DE7800AECA78 = {
						CreatedOnToolsVersion = 14.2;
					};
				};
			};
			buildConfigurationList = 7BC363AA2977DE7800AECA78 /* Build configuration list for PBXProject "practice_back" */;
			compatibilityVersion = "Xcode 14.0";
			developmentRegion = en;
			hasScannedForEncodings = 0;
			knownRegions = (
				en,
				Base,
			);
			mainGroup = 7BC363A62977DE7800AECA78;
			productRefGroup = 7BC363B02977DE7800AECA78 /* Products */;
			projectDirPath = "";
			projectRoot = "";
			targets = (
				7BC363AE2977DE7800AECA78 /* practice_back */,
			);
		};
/* End PBXProject section */

/* Begin PBXResourcesBuildPhase section */
		7BC363AD2977DE7800AECA78 /* Resources */ = {
			isa = PBXResourcesBuildPhase;
			buildActionMask = 2147483647;
			files = (
				7BC39B8E2980FC890092BB88 /* Info.plist in Resources */,
				7BC363BF2977DE7900AECA78 /* LaunchScreen.storyboard in Resources */,
				7BC363BC2977DE7900AECA78 /* Assets.xcassets in Resources */,
				7BC363BA2977DE7800AECA78 /* Main.storyboard in Resources */,
			);
			runOnlyForDeploymentPostprocessing = 0;
		};
/* End PBXResourcesBuildPhase section */

/* Begin PBXSourcesBuildPhase section */
		7BC363AB2977DE7800AECA78 /* Sources */ = {
			isa = PBXSourcesBuildPhase;
			buildActionMask = 2147483647;
			files = (
				7BC363B72977DE7800AECA78 /* ViewController.swift in Sources */,
				7BC363B32977DE7800AECA78 /* AppDelegate.swift in Sources */,
				7BC363B52977DE7800AECA78 /* SceneDelegate.swift in Sources */,
			);
			runOnlyForDeploymentPostprocessing = 0;
		};
/* End PBXSourcesBuildPhase section */

/* Begin PBXVariantGroup section */
		7BC363B82977DE7800AECA78 /* Main.storyboard */ = {
			isa = PBXVariantGroup;
			children = (
				7BC363B92977DE7800AECA78 /* Base */,
			);
			name = Main.storyboard;
			sourceTree = "<group>";
		};
		7BC363BD2977DE7900AECA78 /* LaunchScreen.storyboard */ = {
			isa = PBXVariantGroup;
			children = (
				7BC363BE2977DE7900AECA78 /* Base */,
			);
			name = LaunchScreen.storyboard;
			sourceTree = "<group>";
		};
/* End PBXVariantGroup section */

/* Begin XCBuildConfiguration section */
		7BC363C12977DE7900AECA78 /* Debug */ = {
			isa = XCBuildConfiguration;
			buildSettings = {
				ALWAYS_SEARCH_USER_PATHS = NO;
				CLANG_ANALYZER_NONNULL = YES;
				CLANG_ANALYZER_NUMBER_OBJECT_CONVERSION = YES_AGGRESSIVE;
				CLANG_CXX_LANGUAGE_STANDARD = "gnu++20";
				CLANG_ENABLE_MODULES = YES;
				CLANG_ENABLE_OBJC_ARC = YES;
				CLANG_ENABLE_OBJC_WEAK = YES;
				CLANG_WARN_BLOCK_CAPTURE_AUTORELEASING = YES;
				CLANG_WARN_BOOL_CONVERSION = YES;
				CLANG_WARN_COMMA = YES;
				CLANG_WARN_CONSTANT_CONVERSION = YES;
				CLANG_WARN_DEPRECATED_OBJC_IMPLEMENTATIONS = YES;
				CLANG_WARN_DIRECT_OBJC_ISA_USAGE = YES_ERROR;
				CLANG_WARN_DOCUMENTATION_COMMENTS = YES;
				CLANG_WARN_EMPTY_BODY = YES;
				CLANG_WARN_ENUM_CONVERSION = YES;
				CLANG_WARN_INFINITE_RECURSION = YES;
				CLANG_WARN_INT_CONVERSION = YES;
				CLANG_WARN_NON_LITERAL_NULL_CONVERSION = YES;
				CLANG_WARN_OBJC_IMPLICIT_RETAIN_SELF = YES;
				CLANG_WARN_OBJC_LITERAL_CONVERSION = YES;
				CLANG_WARN_OBJC_ROOT_CLASS = YES_ERROR;
				CLANG_WARN_QUOTED_INCLUDE_IN_FRAMEWORK_HEADER = YES;
				CLANG_WARN_RANGE_LOOP_ANALYSIS = YES;
				CLANG_WARN_STRICT_PROTOTYPES = YES;
				CLANG_WARN_SUSPICIOUS_MOVE = YES;
				CLANG_WARN_UNGUARDED_AVAILABILITY = YES_AGGRESSIVE;
				CLANG_WARN_UNREACHABLE_CODE = YES;
				CLANG_WARN__DUPLICATE_METHOD_MATCH = YES;
				COPY_PHASE_STRIP = NO;
				DEBUG_INFORMATION_FORMAT = dwarf;
				ENABLE_STRICT_OBJC_MSGSEND = YES;
				ENABLE_TESTABILITY = YES;
				GCC_C_LANGUAGE_STANDARD = gnu11;
				GCC_DYNAMIC_NO_PIC = NO;
				GCC_NO_COMMON_BLOCKS = YES;
				GCC_OPTIMIZATION_LEVEL = 0;
				GCC_PREPROCESSOR_DEFINITIONS = (
					"DEBUG=1",
					"$(inherited)",
				);
				GCC_WARN_64_TO_32_BIT_CONVERSION = YES;
				GCC_WARN_ABOUT_RETURN_TYPE = YES_ERROR;
				GCC_WARN_UNDECLARED_SELECTOR = YES;
				GCC_WARN_UNINITIALIZED_AUTOS = YES_AGGRESSIVE;
				GCC_WARN_UNUSED_FUNCTION = YES;
				GCC_WARN_UNUSED_VARIABLE = YES;
				INFOPLIST_FILE = practice_back/Info.plist;
				IPHONEOS_DEPLOYMENT_TARGET = 16.2;
				MTL_ENABLE_DEBUG_INFO = INCLUDE_SOURCE;
				MTL_FAST_MATH = YES;
				ONLY_ACTIVE_ARCH = YES;
				SDKROOT = iphoneos;
				SWIFT_ACTIVE_COMPILATION_CONDITIONS = DEBUG;
				SWIFT_OPTIMIZATION_LEVEL = "-Onone";
			};
			name = Debug;
		};
		7BC363C22977DE7900AECA78 /* Release */ = {
			isa = XCBuildConfiguration;
			buildSettings = {
				ALWAYS_SEARCH_USER_PATHS = NO;
				CLANG_ANALYZER_NONNULL = YES;
				CLANG_ANALYZER_NUMBER_OBJECT_CONVERSION = YES_AGGRESSIVE;
				CLANG_CXX_LANGUAGE_STANDARD = "gnu++20";
				CLANG_ENABLE_MODULES = YES;
				CLANG_ENABLE_OBJC_ARC = YES;
				CLANG_ENABLE_OBJC_WEAK = YES;
				CLANG_WARN_BLOCK_CAPTURE_AUTORELEASING = YES;
				CLANG_WARN_BOOL_CONVERSION = YES;
				CLANG_WARN_COMMA = YES;
				CLANG_WARN_CONSTANT_CONVERSION = YES;
				CLANG_WARN_DEPRECATED_OBJC_IMPLEMENTATIONS = YES;
				CLANG_WARN_DIRECT_OBJC_ISA_USAGE = YES_ERROR;
				CLANG_WARN_DOCUMENTATION_COMMENTS = YES;
				CLANG_WARN_EMPTY_BODY = YES;
				CLANG_WARN_ENUM_CONVERSION = YES;
				CLANG_WARN_INFINITE_RECURSION = YES;
				CLANG_WARN_INT_CONVERSION = YES;
				CLANG_WARN_NON_LITERAL_NULL_CONVERSION = YES;
				CLANG_WARN_OBJC_IMPLICIT_RETAIN_SELF = YES;
				CLANG_WARN_OBJC_LITERAL_CONVERSION = YES;
				CLANG_WARN_OBJC_ROOT_CLASS = YES_ERROR;
				CLANG_WARN_QUOTED_INCLUDE_IN_FRAMEWORK_HEADER = YES;
				CLANG_WARN_RANGE_LOOP_ANALYSIS = YES;
				CLANG_WARN_STRICT_PROTOTYPES = YES;
				CLANG_WARN_SUSPICIOUS_MOVE = YES;
				CLANG_WARN_UNGUARDED_AVAILABILITY = YES_AGGRESSIVE;
				CLANG_WARN_UNREACHABLE_CODE = YES;
				CLANG_WARN__DUPLICATE_METHOD_MATCH = YES;
				COPY_PHASE_STRIP = NO;
				DEBUG_INFORMATION_FORMAT = "dwarf-with-dsym";
				ENABLE_NS_ASSERTIONS = NO;
				ENABLE_STRICT_OBJC_MSGSEND = YES;
				GCC_C_LANGUAGE_STANDARD = gnu11;
				GCC_NO_COMMON_BLOCKS = YES;
				GCC_WARN_64_TO_32_BIT_CONVERSION = YES;
				GCC_WARN_ABOUT_RETURN_TYPE = YES_ERROR;
				GCC_WARN_UNDECLARED_SELECTOR = YES;
				GCC_WARN_UNINITIALIZED_AUTOS = YES_AGGRESSIVE;
				GCC_WARN_UNUSED_FUNCTION = YES;
				GCC_WARN_UNUSED_VARIABLE = YES;
				INFOPLIST_FILE = practice_back/Info.plist;
				IPHONEOS_DEPLOYMENT_TARGET = 16.2;
				MTL_ENABLE_DEBUG_INFO = NO;
				MTL_FAST_MATH = YES;
				SDKROOT = iphoneos;
				SWIFT_COMPILATION_MODE = wholemodule;
				SWIFT_OPTIMIZATION_LEVEL = "-O";
				VALIDATE_PRODUCT = YES;
			};
			name = Release;
		};
		7BC363C42977DE7900AECA78 /* Debug */ = {
			isa = XCBuildConfiguration;
			buildSettings = {
				ASSETCATALOG_COMPILER_APPICON_NAME = AppIcon;
				ASSETCATALOG_COMPILER_GLOBAL_ACCENT_COLOR_NAME = AccentColor;
				CODE_SIGN_STYLE = Automatic;
				CURRENT_PROJECT_VERSION = 1;
				DEVELOPMENT_TEAM = 9Y3C29YBST;
				GENERATE_INFOPLIST_FILE = YES;
				INFOPLIST_FILE = practice_back/Info.plist;
				INFOPLIST_KEY_UIApplicationSupportsIndirectInputEvents = YES;
				INFOPLIST_KEY_UILaunchStoryboardName = LaunchScreen;
				INFOPLIST_KEY_UIMainStoryboardFile = Main;
				INFOPLIST_KEY_UISupportedInterfaceOrientations_iPad = "UIInterfaceOrientationPortrait UIInterfaceOrientationPortraitUpsideDown UIInterfaceOrientationLandscapeLeft UIInterfaceOrientationLandscapeRight";
				INFOPLIST_KEY_UISupportedInterfaceOrientations_iPhone = "UIInterfaceOrientationPortrait UIInterfaceOrientationLandscapeLeft UIInterfaceOrientationLandscapeRight";
				LD_RUNPATH_SEARCH_PATHS = (
					"$(inherited)",
					"@executable_path/Frameworks",
				);
				MARKETING_VERSION = 1.0;
				PRODUCT_BUNDLE_IDENTIFIER = "Cudo.practice-back";
				PRODUCT_NAME = "$(TARGET_NAME)";
				SWIFT_EMIT_LOC_STRINGS = YES;
				SWIFT_VERSION = 5.0;
				TARGETED_DEVICE_FAMILY = "1,2";
			};
			name = Debug;
		};
		7BC363C52977DE7900AECA78 /* Release */ = {
			isa = XCBuildConfiguration;
			buildSettings = {
				ASSETCATALOG_COMPILER_APPICON_NAME = AppIcon;
				ASSETCATALOG_COMPILER_GLOBAL_ACCENT_COLOR_NAME = AccentColor;
				CODE_SIGN_STYLE = Automatic;
				CURRENT_PROJECT_VERSION = 1;
				DEVELOPMENT_TEAM = 9Y3C29YBST;
				GENERATE_INFOPLIST_FILE = YES;
				INFOPLIST_FILE = practice_back/Info.plist;
				INFOPLIST_KEY_UIApplicationSupportsIndirectInputEvents = YES;
				INFOPLIST_KEY_UILaunchStoryboardName = LaunchScreen;
				INFOPLIST_KEY_UIMainStoryboardFile = Main;
				INFOPLIST_KEY_UISupportedInterfaceOrientations_iPad = "UIInterfaceOrientationPortrait UIInterfaceOrientationPortraitUpsideDown UIInterfaceOrientationLandscapeLeft UIInterfaceOrientationLandscapeRight";
				INFOPLIST_KEY_UISupportedInterfaceOrientations_iPhone = "UIInterfaceOrientationPortrait UIInterfaceOrientationLandscapeLeft UIInterfaceOrientationLandscapeRight";
				LD_RUNPATH_SEARCH_PATHS = (
					"$(inherited)",
					"@executable_path/Frameworks",
				);
				MARKETING_VERSION = 1.0;
				PRODUCT_BUNDLE_IDENTIFIER = "Cudo.practice-back";
				PRODUCT_NAME = "$(TARGET_NAME)";
				SWIFT_EMIT_LOC_STRINGS = YES;
				SWIFT_VERSION = 5.0;
				TARGETED_DEVICE_FAMILY = "1,2";
			};
			name = Release;
		};
/* End XCBuildConfiguration section */

/* Begin XCConfigurationList section */
		7BC363AA2977DE7800AECA78 /* Build configuration list for PBXProject "practice_back" */ = {
			isa = XCConfigurationList;
			buildConfigurations = (
				7BC363C12977DE7900AECA78 /* Debug */,
				7BC363C22977DE7900AECA78 /* Release */,
			);
			defaultConfigurationIsVisible = 0;
			defaultConfigurationName = Release;
		};
		7BC363C32977DE7900AECA78 /* Build configuration list for PBXNativeTarget "practice_back" */ = {
			isa = XCConfigurationList;
			buildConfigurations = (
				7BC363C42977DE7900AECA78 /* Debug */,
				7BC363C52977DE7900AECA78 /* Release */,
			);
			defaultConfigurationIsVisible = 0;
			defaultConfigurationName = Release;
		};
/* End XCConfigurationList section */
	};
	rootObject = 7BC363A72977DE7800AECA78 /* Project object */;
}
